{
  "name": "msgpack-js-comparison",
  "version": "1.0.0",
  "lockfileVersion": 1,
  "requires": true,
  "dependencies": {
    "base64-js": {
      "version": "0.0.2",
      "resolved": "https://registry.npmjs.org/base64-js/-/base64-js-0.0.2.tgz",
      "integrity": "sha1-Ak8Pcq+iW3X5wO5zzU9V7Bvtl4Q="
    },
    "bl": {
      "version": "2.0.1",
      "resolved": "https://registry.npmjs.org/bl/-/bl-2.0.1.tgz",
      "integrity": "sha512-FrMgLukB9jujvJ92p5TA0hcKIHtInVXXhxD7qgAuV7k0cbPt9USZmOYnhDXH6IsnGeIUglX42TSBV7Gn4q5sbQ==",
      "requires": {
        "readable-stream": "^2.3.5",
        "safe-buffer": "^5.1.1"
      }
    },
    "bops": {
      "version": "0.0.7",
      "resolved": "https://registry.npmjs.org/bops/-/bops-0.0.7.tgz",
      "integrity": "sha1-tKClqDmkBkVK8P4FqLkaenZqVOI=",
      "requires": {
        "base64-js": "0.0.2",
        "to-utf8": "0.0.1"
      }
    },
    "core-util-is": {
      "version": "1.0.2",
      "resolved": "https://registry.npmjs.org/core-util-is/-/core-util-is-1.0.2.tgz",
      "integrity": "sha1-tf1UIgqivFq1eqtxQMlAdUUDwac="
    },
    "event-lite": {
      "version": "0.1.1",
      "resolved": "https://registry.npmjs.org/event-lite/-/event-lite-0.1.1.tgz",
      "integrity": "sha1-R88IqNN9C2lM23s7F7UfqsZXYIY="
    },
    "ieee754": {
      "version": "1.1.12",
      "resolved": "https://registry.npmjs.org/ieee754/-/ieee754-1.1.12.tgz",
      "integrity": "sha512-GguP+DRY+pJ3soyIiGPTvdiVXjZ+DbXOxGpXn3eMvNW4x4irjqXm4wHKscC+TfxSJ0yw/S1F24tqdMNsMZTiLA=="
    },
    "inherits": {
      "version": "2.0.3",
      "resolved": "https://registry.npmjs.org/inherits/-/inherits-2.0.3.tgz",
      "integrity": "sha1-Yzwsg+PaQqUC9SRmAiSA9CCCYd4="
    },
    "int64-buffer": {
      "version": "0.1.10",
      "resolved": "https://registry.npmjs.org/int64-buffer/-/int64-buffer-0.1.10.tgz",
      "integrity": "sha1-J3siiofZWtd30HwTgyAiQGpHNCM="
    },
    "isarray": {
      "version": "1.0.0",
      "resolved": "https://registry.npmjs.org/isarray/-/isarray-1.0.0.tgz",
      "integrity": "sha1-u5NdSFgsuhaMBoNJV6VKPgcSTxE="
    },
    "messagepack": {
      "version": "1.1.7",
      "resolved": "https://registry.npmjs.org/messagepack/-/messagepack-1.1.7.tgz",
      "integrity": "sha512-Njak0gjgl0QixIzNn2JkvB2X5n9q7+NgXJofz66LS7PRWw9VAEnjshuZeapR52/eMbzBe//qdYqdJbNfBhheJg=="
    },
    "msgpack": {
      "version": "1.0.2",
      "resolved": "https://registry.npmjs.org/msgpack/-/msgpack-1.0.2.tgz",
      "integrity": "sha1-kj4sXP+mXIQY6bIo0RJHk5acQpw=",
      "requires": {
        "nan": "^2.0.9"
      }
    },
    "msgpack-js": {
      "version": "0.3.0",
      "resolved": "https://registry.npmjs.org/msgpack-js/-/msgpack-js-0.3.0.tgz",
      "integrity": "sha1-Aw7AjFlW+cp9F9QKVy1Tlv7BCSM=",
      "requires": {
        "bops": "~0.0.6"
      }
    },
    "msgpack-lite": {
      "version": "0.1.26",
      "resolved": "https://registry.npmjs.org/msgpack-lite/-/msgpack-lite-0.1.26.tgz",
      "integrity": "sha1-3TxQsm8FnyXn7e42REGDWOKprYk=",
      "requires": {
        "event-lite": "^0.1.1",
        "ieee754": "^1.1.8",
        "int64-buffer": "^0.1.9",
        "isarray": "^1.0.0"
      }
    },
    "msgpack5": {
      "version": "4.2.1",
      "resolved": "https://registry.npmjs.org/msgpack5/-/msgpack5-4.2.1.tgz",
      "integrity": "sha512-Xo7nE9ZfBVonQi1rSopNAqPdts/QHyuSEUwIEzAkB+V2FtmkkLUbP6MyVqVVQxsZYI65FpvW3Bb8Z9ZWEjbgHQ==",
      "requires": {
        "bl": "^2.0.1",
        "inherits": "^2.0.3",
        "readable-stream": "^2.3.6",
        "safe-buffer": "^5.1.2"
      }
    },
    "nan": {
      "version": "2.11.0",
      "resolved": "https://registry.npmjs.org/nan/-/nan-2.11.0.tgz",
      "integrity": "sha512-F4miItu2rGnV2ySkXOQoA8FKz/SR2Q2sWP0sbTxNxz/tuokeC8WxOhPMcwi0qIyGtVn/rrSeLbvVkznqCdwYnw=="
    },
    "notepack.io": {
      "version": "2.1.3",
      "resolved": "https://registry.npmjs.org/notepack.io/-/notepack.io-2.1.3.tgz",
      "integrity": "sha512-AgSt+cP5XMooho1Ppn8NB3FFaVWefV+qZoZncYTUSch2GAEwlYLcIIbT5YVkMlFeNHnfwOvc4HDlbvrB5BRxXA=="
    },
    "process-nextick-args": {
      "version": "2.0.0",
      "resolved": "https://registry.npmjs.org/process-nextick-args/-/process-nextick-args-2.0.0.tgz",
      "integrity": "sha512-MtEC1TqN0EU5nephaJ4rAtThHtC86dNN9qCuEhtshvpVBkAW5ZO7BASN9REnF9eoXGcRub+pFuKEpOHE+HbEMw=="
    },
    "readable-stream": {
      "version": "2.3.6",
      "resolved": "http://registry.npmjs.org/readable-stream/-/readable-stream-2.3.6.tgz",
      "integrity": "sha512-tQtKA9WIAhBF3+VLAseyMqZeBjW0AHJoxOtYqSUZNJxauErmLbVm2FW1y+J/YA9dUrAC39ITejlZWhVIwawkKw==",
      "requires": {
        "core-util-is": "~1.0.0",
        "inherits": "~2.0.3",
        "isarray": "~1.0.0",
        "process-nextick-args": "~2.0.0",
        "safe-buffer": "~5.1.1",
        "string_decoder": "~1.1.1",
        "util-deprecate": "~1.0.1"
      }
    },
    "safe-buffer": {
      "version": "5.1.2",
      "resolved": "https://registry.npmjs.org/safe-buffer/-/safe-buffer-5.1.2.tgz",
      "integrity": "sha512-Gd2UZBJDkXlY7GbJxfsE8/nvKkUEU1G38c1siN6QP6a9PT9MmHB8GnpscSmMJSoF8LOIrt8ud/wPtojys4G6+g=="
    },
    "string_decoder": {
      "version": "1.1.1",
      "resolved": "https://registry.npmjs.org/string_decoder/-/string_decoder-1.1.1.tgz",
      "integrity": "sha512-n/ShnvDi6FHbbVfviro+WojiFzv+s8MPMHBczVePfUpDJLwoLT0ht1l4YwBCbi8pJAveEEdnkHyPyTP/mzRfwg==",
      "requires": {
        "safe-buffer": "~5.1.0"
      }
    },
    "to-utf8": {
      "version": "0.0.1",
      "resolved": "https://registry.npmjs.org/to-utf8/-/to-utf8-0.0.1.tgz",
      "integrity": "sha1-0Xrqcv8vujm55DYBvns/9y4ImFI="
    },
    "util-deprecate": {
      "version": "1.0.2",
      "resolved": "https://registry.npmjs.org/util-deprecate/-/util-deprecate-1.0.2.tgz",
      "integrity": "sha1-RQ1Nyfpw3nMnYvvS1KKJgUGaDM8="
    }
  }
}
